
Microsoft Visual Studio Solution File, Format Version 12.00
# Visual Studio 15
VisualStudioVersion = 15.0.28307.1525
MinimumVisualStudioVersion = 10.0.40219.1
Project("{FAE04EC0-301F-11D3-BF4B-00C04F79EFBC}") = "NewsAPI_beta", "NewsAPI_beta\NewsAPI_beta.csproj", "{65652211-013F-4513-A238-059B9926823D}"
EndProject
Project("{FAE04EC0-301F-11D3-BF4B-00C04F79EFBC}") = "NewsAPI_beta.Tests", "NewsAPI_beta.Tests\NewsAPI_beta.Tests.csproj", "{695EA762-60E4-4E37-9C63-B63456DF8CBE}"
EndProject
Global
	GlobalSection(SolutionConfigurationPlatforms) = preSolution
		Debug|Any CPU = Debug|Any CPU
		Release|Any CPU = Release|Any CPU
	EndGlobalSection
	GlobalSection(ProjectConfigurationPlatforms) = postSolution
		{65652211-013F-4513-A238-059B9926823D}.Debug|Any CPU.ActiveCfg = Debug|Any CPU
		{65652211-013F-4513-A238-059B9926823D}.Debug|Any CPU.Build.0 = Debug|Any CPU
		{65652211-013F-4513-A238-059B9926823D}.Release|Any CPU.ActiveCfg = Release|Any CPU
		{65652211-013F-4513-A238-059B9926823D}.Release|Any CPU.Build.0 = Release|Any CPU
		{695EA762-60E4-4E37-9C63-B63456DF8CBE}.Debug|Any CPU.ActiveCfg = Debug|Any CPU
		{695EA762-60E4-4E37-9C63-B63456DF8CBE}.Debug|Any CPU.Build.0 = Debug|Any CPU
		{695EA762-60E4-4E37-9C63-B63456DF8CBE}.Release|Any CPU.ActiveCfg = Release|Any CPU
		{695EA762-60E4-4E37-9C63-B63456DF8CBE}.Release|Any CPU.Build.0 = Release|Any CPU
	EndGlobalSection
	GlobalSection(SolutionProperties) = preSolution
		HideSolutionNode = FALSE
	EndGlobalSection
	GlobalSection(ExtensibilityGlobals) = postSolution
		SolutionGuid = {D8F9BD85-A7D7-4945-842F-412DEE8AA978}
	EndGlobalSection
EndGlobal
